
Microsoft Visual Studio Solution File, Format Version 12.00
# Visual Studio Version 17
VisualStudioVersion = 17.12.35323.107
MinimumVisualStudioVersion = 10.0.40219.1
Project("{FAE04EC0-301F-11D3-BF4B-00C04F79EFBC}") = "Portfolio.Backend", "Portfolio.Backend\Portfolio.Backend.csproj", "{4D2F0C00-0B4E-4621-A288-129545E4FBF8}"
EndProject
Project("{E53339B2-1760-4266-BCC7-CA923CBCF16C}") = "docker-compose", "docker-compose.dcproj", "{731B456B-1A64-4729-BBF4-86CEECF9E946}"
EndProject
Project("{FAE04EC0-301F-11D3-BF4B-00C04F79EFBC}") = "Portfolio.Backend.Tests", "Portfolio.Backend.Tests\Portfolio.Backend.Tests.csproj", "{B1F25991-F78F-4A23-93D2-38AF8D648383}"
EndProject
Project("{2150E333-8FDC-42A3-9474-1A3956D46DE8}") = "GitHub Actions", "GitHub Actions", "{3164D12D-0077-4B3B-A25E-8CB82188AD84}"
	ProjectSection(SolutionItems) = preProject
		.github\workflows\docker-publish.yml = .github\workflows\docker-publish.yml
	EndProjectSection
EndProject
Global
	GlobalSection(SolutionConfigurationPlatforms) = preSolution
		Debug|Any CPU = Debug|Any CPU
		Release|Any CPU = Release|Any CPU
	EndGlobalSection
	GlobalSection(ProjectConfigurationPlatforms) = postSolution
		{4D2F0C00-0B4E-4621-A288-129545E4FBF8}.Debug|Any CPU.ActiveCfg = Debug|Any CPU
		{4D2F0C00-0B4E-4621-A288-129545E4FBF8}.Debug|Any CPU.Build.0 = Debug|Any CPU
		{4D2F0C00-0B4E-4621-A288-129545E4FBF8}.Release|Any CPU.ActiveCfg = Release|Any CPU
		{4D2F0C00-0B4E-4621-A288-129545E4FBF8}.Release|Any CPU.Build.0 = Release|Any CPU
		{731B456B-1A64-4729-BBF4-86CEECF9E946}.Debug|Any CPU.ActiveCfg = Debug|Any CPU
		{731B456B-1A64-4729-BBF4-86CEECF9E946}.Debug|Any CPU.Build.0 = Debug|Any CPU
		{731B456B-1A64-4729-BBF4-86CEECF9E946}.Release|Any CPU.ActiveCfg = Release|Any CPU
		{731B456B-1A64-4729-BBF4-86CEECF9E946}.Release|Any CPU.Build.0 = Release|Any CPU
		{B1F25991-F78F-4A23-93D2-38AF8D648383}.Debug|Any CPU.ActiveCfg = Debug|Any CPU
		{B1F25991-F78F-4A23-93D2-38AF8D648383}.Debug|Any CPU.Build.0 = Debug|Any CPU
		{B1F25991-F78F-4A23-93D2-38AF8D648383}.Release|Any CPU.ActiveCfg = Release|Any CPU
		{B1F25991-F78F-4A23-93D2-38AF8D648383}.Release|Any CPU.Build.0 = Release|Any CPU
	EndGlobalSection
	GlobalSection(SolutionProperties) = preSolution
		HideSolutionNode = FALSE
	EndGlobalSection
	GlobalSection(ExtensibilityGlobals) = postSolution
		SolutionGuid = {388AC28C-5CC1-4C7A-B5EF-829745C29A9C}
	EndGlobalSection
EndGlobal
