{
  "version": 1,
  "dependencies": {
    "net9.0": {
      "coverlet.collector": {
        "type": "Direct",
        "requested": "[6.0.2, )",
        "resolved": "6.0.2",
        "contentHash": "bJShQ6uWRTQ100ZeyiMqcFlhP7WJ+bCuabUs885dJiBEzMsJMSFr7BOyeCw4rgvQokteGi5rKQTlkhfQPUXg2A=="
      },
      "Microsoft.NET.Test.Sdk": {
        "type": "Direct",
        "requested": "[17.12.0, )",
        "resolved": "17.12.0",
        "contentHash": "kt/PKBZ91rFCWxVIJZSgVLk+YR+4KxTuHf799ho8WNiK5ZQpJNAEZCAWX86vcKrs+DiYjiibpYKdGZP6+/N17w==",
        "dependencies": {
          "Microsoft.CodeCoverage": "17.12.0",
          "Microsoft.TestPlatform.TestHost": "17.12.0"
        }
      },
      "NUnit": {
        "type": "Direct",
        "requested": "[4.2.2, )",
        "resolved": "4.2.2",
        "contentHash": "mon0OPko28yZ/foVXrhiUvq1LReaGsBdziumyyYGxV/pOE4q92fuYeN+AF+gEU5pCjzykcdBt5l7xobTaiBjsg=="
      },
      "NUnit.Analyzers": {
        "type": "Direct",
        "requested": "[4.4.0, )",
        "resolved": "4.4.0",
        "contentHash": "VVl1CuQttXRZh52HRw5SIOut3qXw4pmuiTYk02jTELVWZ9uYRY8IVl2qF9Zs7W0ElPiLDUrAglFBzNLBCPzEcw=="
      },
      "NUnit3TestAdapter": {
        "type": "Direct",
        "requested": "[4.5.0, )",
        "resolved": "4.5.0",
        "contentHash": "s8JpqTe9bI2f49Pfr3dFRfoVSuFQyraTj68c3XXjIS/MRGvvkLnrg6RLqnTjdShX+AdFUCCU/4Xex58AdUfs6A=="
      },
      "AspNetCore.HealthChecks.NpgSql": {
        "type": "Transitive",
        "resolved": "8.0.2",
        "contentHash": "1R0JGr80PkUd0I2HWaunAFcaMPJDhD1qMLYWEIVBkFRdSXrw7KkI5ooJ1hePqk0p/a2IWaqW3+CuxN3qv+yhQA==",
        "dependencies": {
          "Microsoft.Extensions.Diagnostics.HealthChecks": "8.0.0",
          "Npgsql": "8.0.3"
        }
      },
      "Castle.Core": {
        "type": "Transitive",
        "resolved": "5.1.1",
        "contentHash": "rpYtIczkzGpf+EkZgDr9CClTdemhsrwA/W5hMoPjLkRFnXzH44zDLoovXeKtmxb1ykXK9aJVODSpiJml8CTw2g==",
        "dependencies": {
          "System.Diagnostics.EventLog": "6.0.0"
        }
      },
      "EFCore.NamingConventions": {
        "type": "Transitive",
        "resolved": "8.0.3",
        "contentHash": "TdDarM6kyIS2oVIhrs3W+r+xL/76ooFJxIXxfhzsNJQu0pB9VdFZwuyKvKJnhoc7OHYFNTBP08AN37kr4CPc+Q==",
        "dependencies": {
          "Microsoft.EntityFrameworkCore": "[8.0.0, 9.0.0)",
          "Microsoft.EntityFrameworkCore.Relational": "[8.0.0, 9.0.0)",
          "Microsoft.Extensions.DependencyInjection.Abstractions": "8.0.0"
        }
      },
      "Konscious.Security.Cryptography.Argon2": {
        "type": "Transitive",
        "resolved": "1.3.1",
        "contentHash": "T+OAGwzYYXftahpOxO7J4xA5K6urxwGnWQf3M+Jpi+76Azv/0T3M5SuN+h7/QvXuiqNw3ZEZ5QqVLI5ygDAylw==",
        "dependencies": {
          "Konscious.Security.Cryptography.Blake2": "1.1.1",
          "System.Memory": "4.5.4"
        }
      },
      "Konscious.Security.Cryptography.Blake2": {
        "type": "Transitive",
        "resolved": "1.1.1",
        "contentHash": "odwOyzj/J/lHJZNwFWJGU/LRecBShupAJ2S8TQqZfhUe9niHzu/voBYK5wuVKsvSpzbfupKQYZguVyIk1sgOkQ=="
      },
      "Microsoft.AspNetCore.Authentication.JwtBearer": {
        "type": "Transitive",
        "resolved": "9.0.0",
        "contentHash": "bs+1Pq3vQdS2lTyxNUd9fEhtMsq3eLUpK36k2t56iDMVrk6OrAoFtvrQrTK0Y0OetTcJrUkGU7hBlf+ORzHLqQ==",
        "dependencies": {
          "Microsoft.IdentityModel.Protocols.OpenIdConnect": "8.0.1"
        }
      },
      "Microsoft.CodeCoverage": {
        "type": "Transitive",
        "resolved": "17.12.0",
        "contentHash": "4svMznBd5JM21JIG2xZKGNanAHNXplxf/kQDFfLHXQ3OnpJkayRK/TjacFjA+EYmoyuNXHo/sOETEfcYtAzIrA=="
      },
      "Microsoft.EntityFrameworkCore": {
        "type": "Transitive",
        "resolved": "9.0.0-rc.2.24474.1",
        "contentHash": "m8jrD1KGxfKUozC5uKGv5UI/lASpihd5yj8hOYlB3GcYcxZbNoO1mQN85xuPwhm3pVpCpmdzvSdbJnJ9UmLDkQ==",
        "dependencies": {
          "Microsoft.EntityFrameworkCore.Abstractions": "9.0.0-rc.2.24474.1",
          "Microsoft.EntityFrameworkCore.Analyzers": "9.0.0-rc.2.24474.1",
          "Microsoft.Extensions.Caching.Memory": "9.0.0-rc.2.24473.5",
          "Microsoft.Extensions.Logging": "9.0.0-rc.2.24473.5"
        }
      },
      "Microsoft.EntityFrameworkCore.Abstractions": {
        "type": "Transitive",
        "resolved": "9.0.0-rc.2.24474.1",
        "contentHash": "miz6e1KslVmzyAp6GzDfwpZYlhIsl6xmP34FLVGOyJb8DiB7XEHUhWwDnM0WscPwP4Dj8Y+CP0qetLETGYSS2Q=="
      },
      "Microsoft.EntityFrameworkCore.Analyzers": {
        "type": "Transitive",
        "resolved": "9.0.0-rc.2.24474.1",
        "contentHash": "nEy8VloXIATmnZNbBpXMFn85vQ69UIskefPRuQ4Ns7H5Qqn8hILrERjYjW7XEhAcMBkAOXwSBDhoJHROOBStPA=="
      },
      "Microsoft.EntityFrameworkCore.Proxies": {
        "type": "Transitive",
        "resolved": "9.0.0-rc.2.24474.1",
        "contentHash": "4uQUxyVOmriI4flFmdmN8mYISoVw9I7dDmiQ9PVcghnLCp8vl5BKNN+nfJ+VZ13cFE9BVzr1EMlIKYG/MheetQ==",
        "dependencies": {
          "Castle.Core": "5.1.1",
          "Microsoft.EntityFrameworkCore": "9.0.0-rc.2.24474.1",
          "Microsoft.Extensions.Caching.Memory": "9.0.0-rc.2.24473.5",
          "Microsoft.Extensions.Logging": "9.0.0-rc.2.24473.5"
        }
      },
      "Microsoft.EntityFrameworkCore.Relational": {
        "type": "Transitive",
        "resolved": "9.0.0-rc.2.24474.1",
        "contentHash": "Rj80UExgku8FuA5FHazj6mWTAuXnaNXiSZKhta+fChOYe5y+l/ZbBC6J1+jXS27WHCFzOwuRKTl34xF/SKcZJg==",
        "dependencies": {
          "Microsoft.EntityFrameworkCore": "9.0.0-rc.2.24474.1",
          "Microsoft.Extensions.Caching.Memory": "9.0.0-rc.2.24473.5",
          "Microsoft.Extensions.Configuration.Abstractions": "9.0.0-rc.2.24473.5",
          "Microsoft.Extensions.Logging": "9.0.0-rc.2.24473.5"
        }
      },
      "Microsoft.Extensions.Caching.Abstractions": {
        "type": "Transitive",
        "resolved": "9.0.0-rc.2.24473.5",
        "contentHash": "7HrtHGMfGtyDZaDoM+gODjbljBHhTBCGyvzVlDNoN8jHfwkN/aqNcPE7ulLyU/zwannCVVrYteK2UMMoGjDOJQ==",
        "dependencies": {
          "Microsoft.Extensions.Primitives": "9.0.0-rc.2.24473.5"
        }
      },
      "Microsoft.Extensions.Caching.Memory": {
        "type": "Transitive",
        "resolved": "9.0.0-rc.2.24473.5",
        "contentHash": "4lkpVHDX4Twm/1cO8e2HZ8KPaU/y+XsaONqxWls0Le2v3psp2AZmHDKju7UtGQR6BUFdN3aADsguUz+fgMWO5g==",
        "dependencies": {
          "Microsoft.Extensions.Caching.Abstractions": "9.0.0-rc.2.24473.5",
          "Microsoft.Extensions.DependencyInjection.Abstractions": "9.0.0-rc.2.24473.5",
          "Microsoft.Extensions.Logging.Abstractions": "9.0.0-rc.2.24473.5",
          "Microsoft.Extensions.Options": "9.0.0-rc.2.24473.5",
          "Microsoft.Extensions.Primitives": "9.0.0-rc.2.24473.5"
        }
      },
      "Microsoft.Extensions.Configuration.Abstractions": {
        "type": "Transitive",
        "resolved": "9.0.0-rc.2.24473.5",
        "contentHash": "rZdBuOxD0nTZVbPMaDhXEND+bkGQ2GcsVpte8JBYss0o+c0xyW8EIwnB7KUha2pzDd//n+y3ABVz2Lh1VxyKgQ==",
        "dependencies": {
          "Microsoft.Extensions.Primitives": "9.0.0-rc.2.24473.5"
        }
      },
      "Microsoft.Extensions.DependencyInjection": {
        "type": "Transitive",
        "resolved": "9.0.0-rc.2.24473.5",
        "contentHash": "FHb7uxiX/08FBBtwat7fiBdQltxst1Farux6Ifn1dfke+D8h1rcDj1ZbKzNB9SvLh1XmEXNYmoWGkTjt1mVzXg==",
        "dependencies": {
          "Microsoft.Extensions.DependencyInjection.Abstractions": "9.0.0-rc.2.24473.5"
        }
      },
      "Microsoft.Extensions.DependencyInjection.Abstractions": {
        "type": "Transitive",
        "resolved": "9.0.0-rc.2.24473.5",
        "contentHash": "T8oVF5Kz+J5IVagQAqcFFUrc/JrjaSvpACSm+t6cNolBX1S41PZVe3JLa3bxKnz0GTkUfSPPIkaekLmpAmHu3Q=="
      },
      "Microsoft.Extensions.Diagnostics.Abstractions": {
        "type": "Transitive",
        "resolved": "8.0.0",
        "contentHash": "JHYCQG7HmugNYUhOl368g+NMxYE/N/AiclCYRNlgCY9eVyiBkOHMwK4x60RYMxv9EL3+rmj1mqHvdCiPpC+D4Q==",
        "dependencies": {
          "Microsoft.Extensions.DependencyInjection.Abstractions": "8.0.0",
          "Microsoft.Extensions.Options": "8.0.0",
          "System.Diagnostics.DiagnosticSource": "8.0.0"
        }
      },
      "Microsoft.Extensions.Diagnostics.HealthChecks": {
        "type": "Transitive",
        "resolved": "8.0.0",
        "contentHash": "P9SoBuVZhJPpALZmSq72aQEb9ryP67EdquaCZGXGrrcASTNHYdrUhnpgSwIipgM5oVC+dKpRXg5zxobmF9xr5g==",
        "dependencies": {
          "Microsoft.Extensions.Diagnostics.HealthChecks.Abstractions": "8.0.0",
          "Microsoft.Extensions.Hosting.Abstractions": "8.0.0",
          "Microsoft.Extensions.Logging.Abstractions": "8.0.0",
          "Microsoft.Extensions.Options": "8.0.0"
        }
      },
      "Microsoft.Extensions.Diagnostics.HealthChecks.Abstractions": {
        "type": "Transitive",
        "resolved": "8.0.0",
        "contentHash": "AT2qqos3IgI09ok36Qag9T8bb6kHJ3uT9Q5ki6CySybFsK6/9JbvQAgAHf1pVEjST0/N4JaFaCbm40R5edffwg=="
      },
      "Microsoft.Extensions.FileProviders.Abstractions": {
        "type": "Transitive",
        "resolved": "8.0.0",
        "contentHash": "ZbaMlhJlpisjuWbvXr4LdAst/1XxH3vZ6A0BsgTphZ2L4PGuxRLz7Jr/S7mkAAnOn78Vu0fKhEgNF5JO3zfjqQ==",
        "dependencies": {
          "Microsoft.Extensions.Primitives": "8.0.0"
        }
      },
      "Microsoft.Extensions.Hosting.Abstractions": {
        "type": "Transitive",
        "resolved": "8.0.0",
        "contentHash": "AG7HWwVRdCHlaA++1oKDxLsXIBxmDpMPb3VoyOoAghEWnkUvEAdYQUwnV4jJbAaa/nMYNiEh5ByoLauZBEiovg==",
        "dependencies": {
          "Microsoft.Extensions.Configuration.Abstractions": "8.0.0",
          "Microsoft.Extensions.DependencyInjection.Abstractions": "8.0.0",
          "Microsoft.Extensions.Diagnostics.Abstractions": "8.0.0",
          "Microsoft.Extensions.FileProviders.Abstractions": "8.0.0",
          "Microsoft.Extensions.Logging.Abstractions": "8.0.0"
        }
      },
      "Microsoft.Extensions.Logging": {
        "type": "Transitive",
        "resolved": "9.0.0-rc.2.24473.5",
        "contentHash": "FZe8VCCAkkDOyek1ZlMmakDJNkA+cojDLpTtl5Pm4H5MdWS6WWGSfoDi++V1XiDUympTJ/S0iItSxfFf/M5e6w==",
        "dependencies": {
          "Microsoft.Extensions.DependencyInjection": "9.0.0-rc.2.24473.5",
          "Microsoft.Extensions.Logging.Abstractions": "9.0.0-rc.2.24473.5",
          "Microsoft.Extensions.Options": "9.0.0-rc.2.24473.5"
        }
      },
      "Microsoft.Extensions.Logging.Abstractions": {
        "type": "Transitive",
        "resolved": "9.0.0-rc.2.24473.5",
        "contentHash": "GFglWb+13UaNAoIN1Pxvlm+/iBblBw0LHTu3dYPVCNTD2cQHM2SORFpb/s+QqKs0iT0SAwC27CnSsCKh3eGH6A==",
        "dependencies": {
          "Microsoft.Extensions.DependencyInjection.Abstractions": "9.0.0-rc.2.24473.5"
        }
      },
      "Microsoft.Extensions.Options": {
        "type": "Transitive",
        "resolved": "9.0.0-rc.2.24473.5",
        "contentHash": "yv1/d9PHKB6W2KnyjgASAKU9siFtHQzFKcMLaGtEn95c2/j8ATKZkt+d4MbzxRY7fYtMyK7SOSMAFr3LybyWiw==",
        "dependencies": {
          "Microsoft.Extensions.DependencyInjection.Abstractions": "9.0.0-rc.2.24473.5",
          "Microsoft.Extensions.Primitives": "9.0.0-rc.2.24473.5"
        }
      },
      "Microsoft.Extensions.Primitives": {
        "type": "Transitive",
        "resolved": "9.0.0-rc.2.24473.5",
        "contentHash": "gNj30XW3pWU6CqitHqR4OBUzqauunjzHe3hJBeueE1OcXBIs9C1XpnmyNVTvBUC+ENgxU06N8hnXHNu0rveIBA=="
      },
      "Microsoft.IdentityModel.Abstractions": {
        "type": "Transitive",
        "resolved": "8.0.1",
        "contentHash": "OtlIWcyX01olfdevPKZdIPfBEvbcioDyBiE/Z2lHsopsMD7twcKtlN9kMevHmI5IIPhFpfwCIiR6qHQz1WHUIw=="
      },
      "Microsoft.IdentityModel.JsonWebTokens": {
        "type": "Transitive",
        "resolved": "8.0.1",
        "contentHash": "s6++gF9x0rQApQzOBbSyp4jUaAlwm+DroKfL8gdOHxs83k8SJfUXhuc46rDB3rNXBQ1MVRxqKUrqFhO/M0E97g==",
        "dependencies": {
          "Microsoft.IdentityModel.Tokens": "8.0.1"
        }
      },
      "Microsoft.IdentityModel.Logging": {
        "type": "Transitive",
        "resolved": "8.0.1",
        "contentHash": "UCPF2exZqBXe7v/6sGNiM6zCQOUXXQ9+v5VTb9gPB8ZSUPnX53BxlN78v2jsbIvK9Dq4GovQxo23x8JgWvm/Qg==",
        "dependencies": {
          "Microsoft.IdentityModel.Abstractions": "8.0.1"
        }
      },
      "Microsoft.IdentityModel.Protocols": {
        "type": "Transitive",
        "resolved": "8.0.1",
        "contentHash": "uA2vpKqU3I2mBBEaeJAWPTjT9v1TZrGWKdgK6G5qJd03CLx83kdiqO9cmiK8/n1erkHzFBwU/RphP83aAe3i3g==",
        "dependencies": {
          "Microsoft.IdentityModel.Tokens": "8.0.1"
        }
      },
      "Microsoft.IdentityModel.Protocols.OpenIdConnect": {
        "type": "Transitive",
        "resolved": "8.0.1",
        "contentHash": "AQDbfpL+yzuuGhO/mQhKNsp44pm5Jv8/BI4KiFXR7beVGZoSH35zMV3PrmcfvSTsyI6qrcR898NzUauD6SRigg==",
        "dependencies": {
          "Microsoft.IdentityModel.Protocols": "8.0.1",
          "System.IdentityModel.Tokens.Jwt": "8.0.1"
        }
      },
      "Microsoft.IdentityModel.Tokens": {
        "type": "Transitive",
        "resolved": "8.0.1",
        "contentHash": "kDimB6Dkd3nkW2oZPDkMkVHfQt3IDqO5gL0oa8WVy3OP4uE8Ij+8TXnqg9TOd9ufjsY3IDiGz7pCUbnfL18tjg==",
        "dependencies": {
          "Microsoft.IdentityModel.Logging": "8.0.1"
        }
      },
      "Microsoft.TestPlatform.ObjectModel": {
        "type": "Transitive",
        "resolved": "17.12.0",
        "contentHash": "TDqkTKLfQuAaPcEb3pDDWnh7b3SyZF+/W9OZvWFp6eJCIiiYFdSB6taE2I6tWrFw5ywhzOb6sreoGJTI6m3rSQ==",
        "dependencies": {
          "System.Reflection.Metadata": "1.6.0"
        }
      },
      "Microsoft.TestPlatform.TestHost": {
        "type": "Transitive",
        "resolved": "17.12.0",
        "contentHash": "MiPEJQNyADfwZ4pJNpQex+t9/jOClBGMiCiVVFuELCMSX2nmNfvUor3uFVxNNCg30uxDP8JDYfPnMXQzsfzYyg==",
        "dependencies": {
          "Microsoft.TestPlatform.ObjectModel": "17.12.0",
          "Newtonsoft.Json": "13.0.1"
        }
      },
      "Microsoft.VisualStudio.Azure.Containers.Tools.Targets": {
        "type": "Transitive",
        "resolved": "1.21.0",
        "contentHash": "8NudeHOE56YsY59HYY89akRMup8Ho+7Y3cADTGjajjWroXVU9RQai2nA6PfteB8AuzmRHZ5NZQB2BnWhQEul5g=="
      },
      "Newtonsoft.Json": {
        "type": "Transitive",
        "resolved": "13.0.1",
        "contentHash": "ppPFpBcvxdsfUonNcvITKqLl3bqxWbDCZIzDWHzjpdAHRFfZe0Dw9HmA0+za13IdyrgJwpkDTDA9fHaxOrt20A=="
      },
      "Npgsql": {
        "type": "Transitive",
        "resolved": "8.0.5",
        "contentHash": "zRG5V8cyeZLpzJlKzFKjEwkRMYIYnHWJvEor2lWXeccS2E1G2nIWYYhnukB51iz5XsWSVEtqg3AxTWM0QJ6vfg==",
        "dependencies": {
          "Microsoft.Extensions.Logging.Abstractions": "8.0.0"
        }
      },
      "Npgsql.EntityFrameworkCore.PostgreSQL": {
        "type": "Transitive",
        "resolved": "9.0.0-rc.2",
        "contentHash": "25aObiOmb/nG146o7MbGbZAn+NFaCVK6XJr/t5SuHhKM85lMZ+HzjBiOGI6k0KKc3oWLIglE92iS336aQMPo6w==",
        "dependencies": {
          "Microsoft.EntityFrameworkCore": "[9.0.0-rc.2.24474.1]",
          "Microsoft.EntityFrameworkCore.Relational": "[9.0.0-rc.2.24474.1]",
          "Npgsql": "8.0.5"
        }
      },
      "Octokit.GraphQL": {
        "type": "Transitive",
        "resolved": "0.4.0-beta",
        "contentHash": "vxywq2lDCskJ5lINXRLS8uwAYj3WdaZR7hElFH1n5faNDcmv06cGodmXrvrXa/z2EVRAIUJ3wgNvwh282ZWYrQ==",
        "dependencies": {
          "Newtonsoft.Json": "13.0.1"
        }
      },
      "System.Diagnostics.DiagnosticSource": {
        "type": "Transitive",
        "resolved": "8.0.0",
        "contentHash": "c9xLpVz6PL9lp/djOWtk5KPDZq3cSYpmXoJQY524EOtuFl5z9ZtsotpsyrDW40U1DRnQSYvcPKEUV0X//u6gkQ=="
      },
      "System.Diagnostics.EventLog": {
        "type": "Transitive",
        "resolved": "6.0.0",
        "contentHash": "lcyUiXTsETK2ALsZrX+nWuHSIQeazhqPphLfaRxzdGaG93+0kELqpgEHtwWOlQe7+jSFnKwaCAgL4kjeZCQJnw=="
      },
      "System.IdentityModel.Tokens.Jwt": {
        "type": "Transitive",
        "resolved": "8.0.1",
        "contentHash": "GJw3bYkWpOgvN3tJo5X4lYUeIFA2HD293FPUhKmp7qxS+g5ywAb34Dnd3cDAFLkcMohy5XTpoaZ4uAHuw0uSPQ==",
        "dependencies": {
          "Microsoft.IdentityModel.JsonWebTokens": "8.0.1",
          "Microsoft.IdentityModel.Tokens": "8.0.1"
        }
      },
      "System.Memory": {
        "type": "Transitive",
        "resolved": "4.5.4",
        "contentHash": "1MbJTHS1lZ4bS4FmsJjnuGJOu88ZzTT2rLvrhW7Ygic+pC0NWA+3hgAen0HRdsocuQXCkUTdFn9yHJJhsijDXw=="
      },
      "System.Reflection.Metadata": {
        "type": "Transitive",
        "resolved": "1.6.0",
        "contentHash": "COC1aiAJjCoA5GBF+QKL2uLqEBew4JsCkQmoHKbN3TlOZKa2fKLz5CpiRQKDz0RsAOEGsVKqOD5bomsXq/4STQ=="
      },
      "portfolio.backend": {
        "type": "Project",
        "dependencies": {
          "AspNetCore.HealthChecks.NpgSql": "[8.0.2, )",
          "EFCore.NamingConventions": "[8.0.3, )",
          "Konscious.Security.Cryptography.Argon2": "[1.3.1, )",
          "Microsoft.AspNetCore.Authentication.JwtBearer": "[9.0.0, )",
          "Microsoft.EntityFrameworkCore": "[9.0.0-rc.2.24474.1, )",
          "Microsoft.EntityFrameworkCore.Proxies": "[9.0.0-rc.2.24474.1, )",
          "Microsoft.VisualStudio.Azure.Containers.Tools.Targets": "[1.21.0, )",
          "Npgsql.EntityFrameworkCore.PostgreSQL": "[9.0.0-rc.2, )",
          "Octokit.GraphQL": "[0.4.0-beta, )"
        }
      }
    }
  }
}